
Microsoft Visual Studio Solution File, Format Version 12.00
# Visual Studio Version 17
VisualStudioVersion = 17.9.34701.34
MinimumVisualStudioVersion = 10.0.40219.1
Project("{FAE04EC0-301F-11D3-BF4B-00C04F79EFBC}") = "TesteNavaBmg", "TesteNavaBmg\TesteNavaBmg.csproj", "{AE11EFA7-E2F4-482A-BE38-8DEA647B650C}"
EndProject
Project("{FAE04EC0-301F-11D3-BF4B-00C04F79EFBC}") = "TestsNavaBmg", "TestProject1\TestsNavaBmg.csproj", "{023ACBF9-340B-4AC0-BFBE-C75A53927F64}"
EndProject
Global
	GlobalSection(SolutionConfigurationPlatforms) = preSolution
		Debug|Any CPU = Debug|Any CPU
		Release|Any CPU = Release|Any CPU
	EndGlobalSection
	GlobalSection(ProjectConfigurationPlatforms) = postSolution
		{AE11EFA7-E2F4-482A-BE38-8DEA647B650C}.Debug|Any CPU.ActiveCfg = Debug|Any CPU
		{AE11EFA7-E2F4-482A-BE38-8DEA647B650C}.Debug|Any CPU.Build.0 = Debug|Any CPU
		{AE11EFA7-E2F4-482A-BE38-8DEA647B650C}.Release|Any CPU.ActiveCfg = Release|Any CPU
		{AE11EFA7-E2F4-482A-BE38-8DEA647B650C}.Release|Any CPU.Build.0 = Release|Any CPU
		{023ACBF9-340B-4AC0-BFBE-C75A53927F64}.Debug|Any CPU.ActiveCfg = Debug|Any CPU
		{023ACBF9-340B-4AC0-BFBE-C75A53927F64}.Debug|Any CPU.Build.0 = Debug|Any CPU
		{023ACBF9-340B-4AC0-BFBE-C75A53927F64}.Release|Any CPU.ActiveCfg = Release|Any CPU
		{023ACBF9-340B-4AC0-BFBE-C75A53927F64}.Release|Any CPU.Build.0 = Release|Any CPU
	EndGlobalSection
	GlobalSection(SolutionProperties) = preSolution
		HideSolutionNode = FALSE
	EndGlobalSection
	GlobalSection(ExtensibilityGlobals) = postSolution
		SolutionGuid = {2F6647FB-754C-4187-8E5F-E67F8AD7FD35}
	EndGlobalSection
EndGlobal
